
Microsoft Visual Studio Solution File, Format Version 12.00
# Visual Studio Version 16
VisualStudioVersion = 16.0.30225.117
MinimumVisualStudioVersion = 10.0.40219.1
Project("{FAE04EC0-301F-11D3-BF4B-00C04F79EFBC}") = "OvOYannn", "OvOYannn\OvOYannn.csproj", "{924E2BA2-AC67-4B27-B219-24786E31BBB2}"
EndProject
Global
	GlobalSection(SolutionConfigurationPlatforms) = preSolution
		Debug|Any CPU = Debug|Any CPU
		Release|Any CPU = Release|Any CPU
	EndGlobalSection
	GlobalSection(ProjectConfigurationPlatforms) = postSolution
		{924E2BA2-AC67-4B27-B219-24786E31BBB2}.Debug|Any CPU.ActiveCfg = Debug|Any CPU
		{924E2BA2-AC67-4B27-B219-24786E31BBB2}.Debug|Any CPU.Build.0 = Debug|Any CPU
		{924E2BA2-AC67-4B27-B219-24786E31BBB2}.Release|Any CPU.ActiveCfg = Release|Any CPU
		{924E2BA2-AC67-4B27-B219-24786E31BBB2}.Release|Any CPU.Build.0 = Release|Any CPU
	EndGlobalSection
	GlobalSection(SolutionProperties) = preSolution
		HideSolutionNode = FALSE
	EndGlobalSection
	GlobalSection(ExtensibilityGlobals) = postSolution
		SolutionGuid = {D14CD2FC-7157-4879-AA28-6A0B8CA85610}
	EndGlobalSection
EndGlobal
